
Microsoft Visual Studio Solution File, Format Version 12.00
# Visual Studio 15
VisualStudioVersion = 15.0.28307.168
MinimumVisualStudioVersion = 10.0.40219.1
Project("{8BC9CEB8-8B4A-11D0-8D11-00A0C91BC942}") = "GPUSorting", "GPUSorting\GPUSorting.vcxproj", "{BC54D08D-70C3-4EBC-808E-B2D9A6179C1A}"
EndProject
Global
	GlobalSection(SolutionConfigurationPlatforms) = preSolution
		Debug|x64 = Debug|x64
		Debug|x86 = Debug|x86
		Release|x64 = Release|x64
		Release|x86 = Release|x86
	EndGlobalSection
	GlobalSection(ProjectConfigurationPlatforms) = postSolution
		{BC54D08D-70C3-4EBC-808E-B2D9A6179C1A}.Debug|x64.ActiveCfg = Debug|x64
		{BC54D08D-70C3-4EBC-808E-B2D9A6179C1A}.Debug|x64.Build.0 = Debug|x64
		{BC54D08D-70C3-4EBC-808E-B2D9A6179C1A}.Debug|x86.ActiveCfg = Debug|Win32
		{BC54D08D-70C3-4EBC-808E-B2D9A6179C1A}.Debug|x86.Build.0 = Debug|Win32
		{BC54D08D-70C3-4EBC-808E-B2D9A6179C1A}.Release|x64.ActiveCfg = Release|x64
		{BC54D08D-70C3-4EBC-808E-B2D9A6179C1A}.Release|x64.Build.0 = Release|x64
		{BC54D08D-70C3-4EBC-808E-B2D9A6179C1A}.Release|x86.ActiveCfg = Release|Win32
		{BC54D08D-70C3-4EBC-808E-B2D9A6179C1A}.Release|x86.Build.0 = Release|Win32
	EndGlobalSection
	GlobalSection(SolutionProperties) = preSolution
		HideSolutionNode = FALSE
	EndGlobalSection
	GlobalSection(ExtensibilityGlobals) = postSolution
		SolutionGuid = {6A867C0D-D329-45D3-85D1-AAD826FB024C}
	EndGlobalSection
EndGlobal
